hash: a7aac87ba7312131b74f6c41e01d5c761a8da7d7a88264b60358c7496364d97c
updated: 2017-09-13T14:40:15.272090148-04:00
imports:
- name: github.com/cloudfoundry-community/go-cfclient
  version: 983f0bf32d53fef86f65c095ecb693acf8a8d95e
- name: github.com/cloudfoundry-community/go-cfenv
  version: f920e9562d5f951cbf11785728f67258c38a10d0
- name: github.com/davecgh/go-spew
  version: 6d212800a42e8ab5c146b8ace3490ee17e5225f9
  subpackages:
  - spew
- name: github.com/golang/protobuf
  version: 874264fbbb43f4d91e999fecb4b40143ed611400
  subpackages:
  - proto
  - proto/testdata
  - ptypes/any
- name: github.com/jordan-wright/email
  version: 09f803b133a9229292871a003eb1a5b077fb32b2
- name: github.com/mitchellh/mapstructure
  version: d2dd0262208475919e1a362f675cfc0e7c10e905
- name: github.com/pkg/errors
  version: c605e284fe17294bda444b34710735b29d1a9d90
- name: github.com/pmezard/go-difflib
  version: d8ed2627bdf02c080bf22230dbb337003b7aba2d
  subpackages:
  - difflib
- name: github.com/stretchr/objx
  version: cbeaeb16a013161a98496fad62933b1d21786672
- name: github.com/stretchr/testify
  version: 69483b4bd14f5845b5a1e55bca19e954e827f1d0
  subpackages:
  - assert
  - mock
- name: golang.org/x/net
  version: db8e4de5b2d6653f66aea53094624468caad15d2
  subpackages:
  - context
  - context/ctxhttp
- name: golang.org/x/oauth2
  version: b5adcc2dcdf009d0391547edc6ecbaff889f5bb9
  subpackages:
  - clientcredentials
  - internal
  - jws
  - jwt
- name: google.golang.org/appengine
  version: e234e71924d4aa52444bc76f2f831f13fa1eca60
  subpackages:
  - datastore
  - internal
  - internal/app_identity
  - internal/base
  - internal/blobstore
  - internal/capability
  - internal/channel
  - internal/datastore
  - internal/image
  - internal/log
  - internal/mail
  - internal/memcache
  - internal/modules
  - internal/remote_api
  - internal/search
  - internal/socket
  - internal/system
  - internal/taskqueue
  - internal/urlfetch
  - internal/user
  - internal/xmpp
  - log
  - taskqueue
  - urlfetch
  - user
- name: google.golang.org/cloud
  version: c58be25102a7ab66b9e32676c23c6beda97a1449
  subpackages:
  - compute/metadata
testImports: []
